{
  "name": "mqtt-react",
  "version": "0.0.3",
  "lockfileVersion": 1,
  "dependencies": {
    "application-config": {
      "version": "0.1.2",
      "resolved": "https://registry.npmjs.org/application-config/-/application-config-0.1.2.tgz",
      "integrity": "sha1-MnJTO1+fg7MjqeXWQKNVi1Cls4U=",
      "dev": true
    },
    "application-config-path": {
      "version": "0.1.0",
      "resolved": "https://registry.npmjs.org/application-config-path/-/application-config-path-0.1.0.tgz",
      "integrity": "sha1-GTxfCoZUGkxm+6Hi3DhYM2LqXo8=",
      "dev": true
    },
    "asn1": {
      "version": "0.1.11",
      "resolved": "https://registry.npmjs.org/asn1/-/asn1-0.1.11.tgz",
      "integrity": "sha1-VZvhg3bQik7E2+gId9J4GGObLfc=",
      "dev": true
    },
    "assert-plus": {
      "version": "0.1.5",
      "resolved": "https://registry.npmjs.org/assert-plus/-/assert-plus-0.1.5.tgz",
      "integrity": "sha1-7nQAlBMALYTOxyGcasgRgS5yMWA=",
      "dev": true
    },
    "async": {
      "version": "0.2.10",
      "resolved": "https://registry.npmjs.org/async/-/async-0.2.10.tgz",
      "integrity": "sha1-trvgsGdLnXGXCMo43owjfLUmw9E=",
      "dev": true
    },
    "aws-sign": {
      "version": "0.3.0",
      "resolved": "https://registry.npmjs.org/aws-sign/-/aws-sign-0.3.0.tgz",
      "integrity": "sha1-PYHKabR0seFlGHKLUcJP8Lvtxuk=",
      "dev": true
    },
    "bl": {
      "version": "0.9.5",
      "resolved": "https://registry.npmjs.org/bl/-/bl-0.9.5.tgz",
      "integrity": "sha1-wGt5evCF6gC8Unr8jvzxHeIjIFQ=",
      "dev": true
    },
    "bluebird": {
      "version": "1.0.3",
      "resolved": "https://registry.npmjs.org/bluebird/-/bluebird-1.0.3.tgz",
      "integrity": "sha1-xLRBGEgC47ZKYe7tRXgnG0yL9qw=",
      "dev": true
    },
    "boom": {
      "version": "0.4.2",
      "resolved": "https://registry.npmjs.org/boom/-/boom-0.4.2.tgz",
      "integrity": "sha1-emNune1O/O+xnO9JR6PGffrukRs=",
      "dev": true,
      "dependencies": {
        "hoek": {
          "version": "0.9.1",
          "resolved": "https://registry.npmjs.org/hoek/-/hoek-0.9.1.tgz",
          "integrity": "sha1-PTIkYrrfB3Fup+uFuviAec3c5QU=",
          "dev": true
        }
      }
    },
    "colors": {
      "version": "0.5.1",
      "resolved": "https://registry.npmjs.org/colors/-/colors-0.5.1.tgz",
      "integrity": "sha1-fQAj6usVTo7p/Oddy5I9DtFmd3Q=",
      "dev": true
    },
    "combined-stream": {
      "version": "0.0.7",
      "resolved": "https://registry.npmjs.org/combined-stream/-/combined-stream-0.0.7.tgz",
      "integrity": "sha1-ATfmV7qlp1QcV6w3rF/AfXO03B8=",
      "dev": true
    },
    "cookie-jar": {
      "version": "0.3.0",
      "resolved": "https://registry.npmjs.org/cookie-jar/-/cookie-jar-0.3.0.tgz",
      "integrity": "sha1-vJon1OK5fhhs1XyeIGPLmfpozMw=",
      "dev": true
    },
    "core-util-is": {
      "version": "1.0.2",
      "resolved": "https://registry.npmjs.org/core-util-is/-/core-util-is-1.0.2.tgz",
      "integrity": "sha1-tf1UIgqivFq1eqtxQMlAdUUDwac=",
      "dev": true
    },
    "cryptiles": {
      "version": "0.2.2",
      "resolved": "https://registry.npmjs.org/cryptiles/-/cryptiles-0.2.2.tgz",
      "integrity": "sha1-7ZH/HxetE9N0gohZT4pIoNJvMlw=",
      "dev": true
    },
    "ctype": {
      "version": "0.5.3",
      "resolved": "https://registry.npmjs.org/ctype/-/ctype-0.5.3.tgz",
      "integrity": "sha1-gsGMJGH3QRTvFsE1IkrQuRRMoS8=",
      "dev": true
    },
    "delayed-stream": {
      "version": "0.0.5",
      "resolved": "https://registry.npmjs.org/delayed-stream/-/delayed-stream-0.0.5.tgz",
      "integrity": "sha1-1LH0OpPoKW3+AmlPRoC8N6MTxz8=",
      "dev": true
    },
    "duplexer2": {
      "version": "0.0.2",
      "resolved": "https://registry.npmjs.org/duplexer2/-/duplexer2-0.0.2.tgz",
      "integrity": "sha1-xhTc9n4vsUmVqRcR5aYX6KYKMds=",
      "dev": true,
      "dependencies": {
        "readable-stream": {
          "version": "1.1.14",
          "resolved": "https://registry.npmjs.org/readable-stream/-/readable-stream-1.1.14.tgz",
          "integrity": "sha1-fPTFTvZI44EwhMY23SB54WbAgdk=",
          "dev": true
        }
      }
    },
    "foreach": {
      "version": "2.0.5",
      "resolved": "https://registry.npmjs.org/foreach/-/foreach-2.0.5.tgz",
      "integrity": "sha1-C+4AUBiusmDQo6865ljdATbsG5k=",
      "dev": true
    },
    "forever-agent": {
      "version": "0.5.2",
      "resolved": "https://registry.npmjs.org/forever-agent/-/forever-agent-0.5.2.tgz",
      "integrity": "sha1-bQ4JxJIflKJ/Y9O0nF/v8epMUTA=",
      "dev": true
    },
    "form-data": {
      "version": "0.0.8",
      "resolved": "https://registry.npmjs.org/form-data/-/form-data-0.0.8.tgz",
      "integrity": "sha1-CJDNEAXFzOzAudJKiAUskkQtDbU=",
      "dev": true
    },
    "ghauth": {
      "version": "3.0.0",
      "resolved": "https://registry.npmjs.org/ghauth/-/ghauth-3.0.0.tgz",
      "integrity": "sha1-gpKiTvR4mfGAo5x4DEgJVhKUvbw=",
      "dev": true
    },
    "github": {
      "version": "0.1.16",
      "resolved": "https://registry.npmjs.org/github/-/github-0.1.16.tgz",
      "integrity": "sha1-iV0qhbD+t5gNiawM5PRNyqA/F7U=",
      "dev": true
    },
    "github-changes": {
      "version": "1.1.0",
      "resolved": "https://registry.npmjs.org/github-changes/-/github-changes-1.1.0.tgz",
      "integrity": "sha1-1Oi5i8N7Mv4nKuABcUFtbN9r/+4=",
      "dev": true
    },
    "github-commit-stream": {
      "version": "0.1.0",
      "resolved": "https://registry.npmjs.org/github-commit-stream/-/github-commit-stream-0.1.0.tgz",
      "integrity": "sha1-2823smeWcYa3DMc2ORgw2mNo16E=",
      "dev": true
    },
    "hawk": {
      "version": "0.13.1",
      "resolved": "https://registry.npmjs.org/hawk/-/hawk-0.13.1.tgz",
      "integrity": "sha1-NheViCH1gxHk1/beKR/KZitBLvQ=",
      "dev": true
    },
    "hoek": {
      "version": "0.8.5",
      "resolved": "https://registry.npmjs.org/hoek/-/hoek-0.8.5.tgz",
      "integrity": "sha1-Hp/XcO9+vgJ0rfy1sIBqAlpeTp8=",
      "dev": true
    },
    "http-signature": {
      "version": "0.10.1",
      "resolved": "https://registry.npmjs.org/http-signature/-/http-signature-0.10.1.tgz",
      "integrity": "sha1-T72sEyVZqoMjEh5UB3nAoBKyfmY=",
      "dev": true
    },
    "hyperquest": {
      "version": "1.2.0",
      "resolved": "https://registry.npmjs.org/hyperquest/-/hyperquest-1.2.0.tgz",
      "integrity": "sha1-OeH+9miI3Hzg3sbA3YFPb8iUStU=",
      "dev": true
    },
    "indexof": {
      "version": "0.0.1",
      "resolved": "https://registry.npmjs.org/indexof/-/indexof-0.0.1.tgz",
      "integrity": "sha1-gtwzbSMrkGIXnQWrMpOmYFn9Q10=",
      "dev": true
    },
    "inherits": {
      "version": "2.0.3",
      "resolved": "https://registry.npmjs.org/inherits/-/inherits-2.0.3.tgz",
      "integrity": "sha1-Yzwsg+PaQqUC9SRmAiSA9CCCYd4=",
      "dev": true
    },
    "is": {
      "version": "0.2.7",
      "resolved": "https://registry.npmjs.org/is/-/is-0.2.7.tgz",
      "integrity": "sha1-OzSixI81mXLzUEKEkZOucmS2NWI=",
      "dev": true
    },
    "is-object": {
      "version": "0.1.2",
      "resolved": "https://registry.npmjs.org/is-object/-/is-object-0.1.2.tgz",
      "integrity": "sha1-AO+8CIFsM8/ErIJR0TLhDcZQmNc=",
      "dev": true
    },
    "isarray": {
      "version": "0.0.1",
      "resolved": "https://registry.npmjs.org/isarray/-/isarray-0.0.1.tgz",
      "integrity": "sha1-ihis/Kmo9Bd+Cav8YDiTmwXR7t8=",
      "dev": true
    },
    "json-stringify-safe": {
      "version": "4.0.0",
      "resolved": "https://registry.npmjs.org/json-stringify-safe/-/json-stringify-safe-4.0.0.tgz",
      "integrity": "sha1-d8JxqupUMC5o7+rMtWq78GqbGlQ=",
      "dev": true
    },
    "lodash": {
      "version": "2.4.1",
      "resolved": "https://registry.npmjs.org/lodash/-/lodash-2.4.1.tgz",
      "integrity": "sha1-W3cjA03aTSYuWkb7LFjXzCL3FCA=",
      "dev": true
    },
    "mime": {
      "version": "1.2.11",
      "resolved": "https://registry.npmjs.org/mime/-/mime-1.2.11.tgz",
      "integrity": "sha1-WCA+7Ybjpe8XrtK32evUfwpg3RA=",
      "dev": true
    },
    "minimist": {
      "version": "0.0.8",
      "resolved": "https://registry.npmjs.org/minimist/-/minimist-0.0.8.tgz",
      "integrity": "sha1-hX/Kv8M5fSYluCKCYuhqp6ARsF0=",
      "dev": true
    },
    "mkdirp": {
      "version": "0.5.1",
      "resolved": "https://registry.npmjs.org/mkdirp/-/mkdirp-0.5.1.tgz",
      "integrity": "sha1-MAV0OOrGz3+MR2fzhkjWaX11yQM=",
      "dev": true
    },
    "moment": {
      "version": "2.18.1",
      "resolved": "https://registry.npmjs.org/moment/-/moment-2.18.1.tgz",
      "integrity": "sha1-w2GT3Tzhwu7SrbfIAtu8d6gbHA8=",
      "dev": true
    },
    "moment-timezone": {
      "version": "0.5.5",
      "resolved": "https://registry.npmjs.org/moment-timezone/-/moment-timezone-0.5.5.tgz",
      "integrity": "sha1-odVBCnLBil8pPyouYocKgK1DLa4=",
      "dev": true
    },
    "mute-stream": {
      "version": "0.0.7",
      "resolved": "https://registry.npmjs.org/mute-stream/-/mute-stream-0.0.7.tgz",
      "integrity": "sha1-MHXOk7whuPq0PhvE2n6BFe0ee6s=",
      "dev": true
    },
    "node-uuid": {
      "version": "1.4.8",
      "resolved": "https://registry.npmjs.org/node-uuid/-/node-uuid-1.4.8.tgz",
      "integrity": "sha1-sEDrCSOWivq/jTL7HxfxFn/auQc=",
      "dev": true
    },
    "nomnom": {
      "version": "1.6.2",
      "resolved": "https://registry.npmjs.org/nomnom/-/nomnom-1.6.2.tgz",
      "integrity": "sha1-hKZqJgF0QI/Ft3oY+IjszET7aXE=",
      "dev": true
    },
    "oauth-sign": {
      "version": "0.3.0",
      "resolved": "https://registry.npmjs.org/oauth-sign/-/oauth-sign-0.3.0.tgz",
      "integrity": "sha1-y1QPk7srIqfVlBaRoojWDo6pOG4=",
      "dev": true
    },
    "object-keys": {
      "version": "0.2.0",
      "resolved": "https://registry.npmjs.org/object-keys/-/object-keys-0.2.0.tgz",
      "integrity": "sha1-zd7AKZiwkb5CvxA1rjLknxy26mc=",
      "dev": true
    },
    "parse-link-header": {
      "version": "0.1.0",
      "resolved": "https://registry.npmjs.org/parse-link-header/-/parse-link-header-0.1.0.tgz",
      "integrity": "sha1-VQP6f7LzVLsjQlXBxCHaPrBbkYU=",
      "dev": true,
      "dependencies": {
        "xtend": {
          "version": "2.0.6",
          "resolved": "https://registry.npmjs.org/xtend/-/xtend-2.0.6.tgz",
          "integrity": "sha1-XqZXptukRwacLlnFihE4ywxebO4=",
          "dev": true
        }
      }
    },
    "qs": {
      "version": "0.6.6",
      "resolved": "https://registry.npmjs.org/qs/-/qs-0.6.6.tgz",
      "integrity": "sha1-bgFQmP9RlouKPIGQAdXyyJvEsQc=",
      "dev": true
    },
    "read": {
      "version": "1.0.7",
      "resolved": "https://registry.npmjs.org/read/-/read-1.0.7.tgz",
      "integrity": "sha1-s9oZvQUkMal2cdRKQmNK33ELQMQ=",
      "dev": true
    },
    "readable-stream": {
      "version": "1.0.34",
      "resolved": "https://registry.npmjs.org/readable-stream/-/readable-stream-1.0.34.tgz",
      "integrity": "sha1-Elgg40vIQtLyqq+v5MKRbuMsFXw=",
      "dev": true
    },
    "request": {
      "version": "2.22.0",
      "resolved": "https://registry.npmjs.org/request/-/request-2.22.0.tgz",
      "integrity": "sha1-uIOnacxKkJVx61AEs0TEPPflFZI=",
      "dev": true
    },
    "semver": {
      "version": "2.2.1",
      "resolved": "https://registry.npmjs.org/semver/-/semver-2.2.1.tgz",
      "integrity": "sha1-eUEYKz/8xYC/8cF5QqzfeVHA0hM=",
      "dev": true
    },
    "sntp": {
      "version": "0.2.4",
      "resolved": "https://registry.npmjs.org/sntp/-/sntp-0.2.4.tgz",
      "integrity": "sha1-+4hfGLDzqtGJ+CSGJTa87ux1CQA=",
      "dev": true,
      "dependencies": {
        "hoek": {
          "version": "0.9.1",
          "resolved": "https://registry.npmjs.org/hoek/-/hoek-0.9.1.tgz",
          "integrity": "sha1-PTIkYrrfB3Fup+uFuviAec3c5QU=",
          "dev": true
        }
      }
    },
    "string_decoder": {
      "version": "0.10.31",
      "resolved": "https://registry.npmjs.org/string_decoder/-/string_decoder-0.10.31.tgz",
      "integrity": "sha1-YuIDvEF2bGwoyfyEMB2rHFMQ+pQ=",
      "dev": true
    },
    "through": {
      "version": "2.3.8",
      "resolved": "https://registry.npmjs.org/through/-/through-2.3.8.tgz",
      "integrity": "sha1-DdTJ/6q8NXlgsbckEV1+Doai4fU=",
      "dev": true
    },
    "through2": {
      "version": "0.6.5",
      "resolved": "https://registry.npmjs.org/through2/-/through2-0.6.5.tgz",
      "integrity": "sha1-QaucZ7KdVyCQcUEOHXp6lozTrUg=",
      "dev": true
    },
    "tunnel-agent": {
      "version": "0.3.0",
      "resolved": "https://registry.npmjs.org/tunnel-agent/-/tunnel-agent-0.3.0.tgz",
      "integrity": "sha1-rWgbaPUyGtKCfEz7G31d8s/pQu4=",
      "dev": true
    },
    "underscore": {
      "version": "1.4.4",
      "resolved": "https://registry.npmjs.org/underscore/-/underscore-1.4.4.tgz",
      "integrity": "sha1-YaajIBBiKvoHljvzJSA88SI51gQ=",
      "dev": true
    },
    "xtend": {
      "version": "4.0.1",
      "resolved": "https://registry.npmjs.org/xtend/-/xtend-4.0.1.tgz",
      "integrity": "sha1-pcbVMr5lbiPbgg77lDofBJmNY68=",
      "dev": true
    }
  }
}
